
Microsoft Visual Studio Solution File, Format Version 12.00
# Visual Studio Version 17
VisualStudioVersion = 17.6.33801.468
MinimumVisualStudioVersion = 10.0.40219.1
Project("{9A19103F-16F7-4668-BE54-9A1E7A4F7556}") = "EntityTest", "EntityTest\EntityTest.csproj", "{1E0B9B9E-F45A-4B1F-A36A-D9F0BAAD6394}"
EndProject
Project("{9A19103F-16F7-4668-BE54-9A1E7A4F7556}") = "DbAcess", "DbAcess\DbAcess.csproj", "{571724FD-66FC-4177-9304-FB87877DCD29}"
EndProject
Project("{FAE04EC0-301F-11D3-BF4B-00C04F79EFBC}") = "DataStruc", "DataStruc\DataStruc.csproj", "{F1EBA08C-E4CE-4CC4-8D93-184F682139FE}"
EndProject
Project("{FAE04EC0-301F-11D3-BF4B-00C04F79EFBC}") = "WebApi", "WebApi\WebApi.csproj", "{A19775BB-1D48-4D06-AE25-0D45E5782608}"
EndProject
Global
	GlobalSection(SolutionConfigurationPlatforms) = preSolution
		Debug|Any CPU = Debug|Any CPU
		Release|Any CPU = Release|Any CPU
	EndGlobalSection
	GlobalSection(ProjectConfigurationPlatforms) = postSolution
		{1E0B9B9E-F45A-4B1F-A36A-D9F0BAAD6394}.Debug|Any CPU.ActiveCfg = Debug|Any CPU
		{1E0B9B9E-F45A-4B1F-A36A-D9F0BAAD6394}.Debug|Any CPU.Build.0 = Debug|Any CPU
		{1E0B9B9E-F45A-4B1F-A36A-D9F0BAAD6394}.Release|Any CPU.ActiveCfg = Release|Any CPU
		{1E0B9B9E-F45A-4B1F-A36A-D9F0BAAD6394}.Release|Any CPU.Build.0 = Release|Any CPU
		{571724FD-66FC-4177-9304-FB87877DCD29}.Debug|Any CPU.ActiveCfg = Debug|Any CPU
		{571724FD-66FC-4177-9304-FB87877DCD29}.Debug|Any CPU.Build.0 = Debug|Any CPU
		{571724FD-66FC-4177-9304-FB87877DCD29}.Release|Any CPU.ActiveCfg = Release|Any CPU
		{571724FD-66FC-4177-9304-FB87877DCD29}.Release|Any CPU.Build.0 = Release|Any CPU
		{F1EBA08C-E4CE-4CC4-8D93-184F682139FE}.Debug|Any CPU.ActiveCfg = Debug|Any CPU
		{F1EBA08C-E4CE-4CC4-8D93-184F682139FE}.Debug|Any CPU.Build.0 = Debug|Any CPU
		{F1EBA08C-E4CE-4CC4-8D93-184F682139FE}.Release|Any CPU.ActiveCfg = Release|Any CPU
		{F1EBA08C-E4CE-4CC4-8D93-184F682139FE}.Release|Any CPU.Build.0 = Release|Any CPU
		{A19775BB-1D48-4D06-AE25-0D45E5782608}.Debug|Any CPU.ActiveCfg = Debug|Any CPU
		{A19775BB-1D48-4D06-AE25-0D45E5782608}.Debug|Any CPU.Build.0 = Debug|Any CPU
		{A19775BB-1D48-4D06-AE25-0D45E5782608}.Release|Any CPU.ActiveCfg = Release|Any CPU
		{A19775BB-1D48-4D06-AE25-0D45E5782608}.Release|Any CPU.Build.0 = Release|Any CPU
	EndGlobalSection
	GlobalSection(SolutionProperties) = preSolution
		HideSolutionNode = FALSE
	EndGlobalSection
	GlobalSection(ExtensibilityGlobals) = postSolution
		SolutionGuid = {6C798DC2-EDF2-4646-A20D-73BBD217FBB0}
	EndGlobalSection
EndGlobal
